#MicroXplorer Configuration settings - do not modify
CAD.formats=
CAD.pinconfig=
CAD.provider=
Dma.Request0=USART1_RX
Dma.RequestsNb=1
Dma.USART1_RX.0.Direction=DMA_PERIPH_TO_MEMORY
Dma.USART1_RX.0.EventEnable=DISABLE
Dma.USART1_RX.0.Instance=DMA1_Channel1
Dma.USART1_RX.0.MemDataAlignment=DMA_MDATAALIGN_BYTE
Dma.USART1_RX.0.MemInc=DMA_MINC_ENABLE
Dma.USART1_RX.0.Mode=DMA_CIRCULAR
Dma.USART1_RX.0.PeriphDataAlignment=DMA_PDATAALIGN_BYTE
Dma.USART1_RX.0.PeriphInc=DMA_PINC_DISABLE
Dma.USART1_RX.0.Polarity=HAL_DMAMUX_REQ_GEN_RISING
Dma.USART1_RX.0.Priority=DMA_PRIORITY_LOW
Dma.USART1_RX.0.RequestNumber=1
Dma.USART1_RX.0.RequestParameters=Instance,Direction,PeriphInc,MemInc,PeriphDataAlignment,MemDataAlignment,Mode,Priority,SignalID,Polarity,RequestNumber,SyncSignalID,SyncPolarity,SyncEnable,EventEnable,SyncRequestNumber
Dma.USART1_RX.0.SignalID=NONE
Dma.USART1_RX.0.SyncEnable=DISABLE
Dma.USART1_RX.0.SyncPolarity=HAL_DMAMUX_SYNC_NO_EVENT
Dma.USART1_RX.0.SyncRequestNumber=1
Dma.USART1_RX.0.SyncSignalID=NONE
File.Version=6
GPIO.groupedBy=
I2C3.I2C_Speed_Mode=I2C_Fast
I2C3.IPParameters=Timing,I2C_Speed_Mode,Speed
I2C3.Speed=400
I2C3.Timing=0x00602173
KeepUserPlacement=false
MMTAppReg1.MEMORYMAP.AppRegionName=RAM
MMTAppReg1.MEMORYMAP.ContextName=Cortex-M4NS
MMTAppReg1.MEMORYMAP.CoreName=ARM Cortex-M4
MMTAppReg1.MEMORYMAP.DefaultDataRegion=true
MMTAppReg1.MEMORYMAP.IPParameters=StartAddress,Size,CoreName,DefaultDataRegion,ContextName,Name
MMTAppReg1.MEMORYMAP.Name=RAM
MMTAppReg1.MEMORYMAP.Size=195584
MMTAppReg1.MEMORYMAP.StartAddress=0x20000008
MMTAppReg2.MEMORYMAP.AppRegionName=FLASH
MMTAppReg2.MEMORYMAP.ContextName=Cortex-M4NS
MMTAppReg2.MEMORYMAP.CoreName=ARM Cortex-M4
MMTAppReg2.MEMORYMAP.DefaultCodeRegion=true
MMTAppReg2.MEMORYMAP.DefaultDataRegion=false
MMTAppReg2.MEMORYMAP.IPParameters=StartAddress,Size,CoreName,DefaultDataRegion,MemType,ContextName,Name,DefaultCodeRegion
MMTAppReg2.MEMORYMAP.MemType=ROM
MMTAppReg2.MEMORYMAP.Name=FLASH
MMTAppReg2.MEMORYMAP.Size=524288
MMTAppReg2.MEMORYMAP.StartAddress=0x08000000
MMTAppReg3.MEMORYMAP.AppRegionName=RAM_SHARED
MMTAppReg3.MEMORYMAP.ContextName=Cortex-M4NS
MMTAppReg3.MEMORYMAP.CoreName=ARM Cortex-M4
MMTAppReg3.MEMORYMAP.DefaultDataRegion=true
MMTAppReg3.MEMORYMAP.IPParameters=StartAddress,Size,CoreName,DefaultDataRegion,ContextName,Name
MMTAppReg3.MEMORYMAP.Name=RAM_SHARED
MMTAppReg3.MEMORYMAP.Size=9216
MMTAppReg3.MEMORYMAP.StartAddress=0x20030000
MMTAppReg4.MEMORYMAP.AppRegionName=RAM_SHARED Reserved Alias Region
MMTAppReg4.MEMORYMAP.CoreName=ARM Cortex-M4
MMTAppReg4.MEMORYMAP.DefaultDataRegion=false
MMTAppReg4.MEMORYMAP.IPParameters=StartAddress,Size,CoreName,DefaultDataRegion,ReservedRegion,Name
MMTAppReg4.MEMORYMAP.Name=RAM_SHARED Reserved Alias Region
MMTAppReg4.MEMORYMAP.ReservedRegion=true
MMTAppReg4.MEMORYMAP.Size=9216
MMTAppReg4.MEMORYMAP.StartAddress=0x10000000
MMTAppRegionsCount=4
MMTConfigApplied=false
Mcu.CPN=STM32WB55RGV6
Mcu.Family=STM32WB
Mcu.IP0=DMA
Mcu.IP1=I2C3
Mcu.IP10=SPI1
Mcu.IP11=SPI2
Mcu.IP12=SYS
Mcu.IP13=TIM17
Mcu.IP14=USART1
Mcu.IP15=USB
Mcu.IP2=LPUART1
Mcu.IP3=MEMORYMAP
Mcu.IP4=NVIC
Mcu.IP5=QUADSPI
Mcu.IP6=RCC
Mcu.IP7=RF
Mcu.IP8=RTC
Mcu.IP9=SAI1
Mcu.IPNb=16
Mcu.Name=STM32WB55RGVx
Mcu.Package=VFQFPN68
Mcu.Pin0=PC13
Mcu.Pin1=PC14-OSC32_IN
Mcu.Pin10=PA2
Mcu.Pin11=PA3
Mcu.Pin12=PA4
Mcu.Pin13=PA6
Mcu.Pin14=PA7
Mcu.Pin15=PA8
Mcu.Pin16=PA9
Mcu.Pin17=PB10
Mcu.Pin18=PB11
Mcu.Pin19=RF1
Mcu.Pin2=PC15-OSC32_OUT
Mcu.Pin20=OSC_OUT
Mcu.Pin21=OSC_IN
Mcu.Pin22=PB13
Mcu.Pin23=PB15
Mcu.Pin24=PC6
Mcu.Pin25=PA11
Mcu.Pin26=PA12
Mcu.Pin27=PA13
Mcu.Pin28=PA14
Mcu.Pin29=PD1
Mcu.Pin3=PB8
Mcu.Pin30=PB3
Mcu.Pin31=PB4
Mcu.Pin32=PB5
Mcu.Pin33=PB6
Mcu.Pin34=PB7
Mcu.Pin35=VP_RTC_VS_RTC_Activate
Mcu.Pin36=VP_RTC_VS_RTC_Calendar
Mcu.Pin37=VP_SAI1_VP_$IpInstance_SAIA_SAI_BASIC
Mcu.Pin38=VP_SYS_VS_Systick
Mcu.Pin39=VP_TIM17_VS_ClockSourceINT
Mcu.Pin4=PB9
Mcu.Pin40=VP_MEMORYMAP_VS_MEMORYMAP
Mcu.Pin5=PC0
Mcu.Pin6=PC1
Mcu.Pin7=PC2
Mcu.Pin8=PC3
Mcu.Pin9=PA1
Mcu.PinsNb=41
Mcu.ThirdPartyNb=0
Mcu.UserConstants=
Mcu.UserName=STM32WB55RGVx
MxCube.Version=6.10.0
MxDb.Version=DB.6.0.100
NVIC.BusFault_IRQn=true\:0\:0\:false\:false\:true\:false\:false\:false
NVIC.DebugMonitor_IRQn=true\:0\:0\:false\:false\:true\:false\:false\:false
NVIC.ForceEnableDMAVector=false
NVIC.HardFault_IRQn=true\:0\:0\:false\:false\:true\:false\:false\:false
NVIC.I2C3_ER_IRQn=true\:5\:0\:true\:false\:true\:true\:true\:true
NVIC.I2C3_EV_IRQn=true\:5\:0\:true\:false\:true\:true\:true\:true
NVIC.MemoryManagement_IRQn=true\:0\:0\:false\:false\:true\:false\:false\:false
NVIC.NonMaskableInt_IRQn=true\:0\:0\:false\:false\:true\:false\:false\:false
NVIC.PendSV_IRQn=true\:0\:0\:false\:false\:true\:false\:false\:false
NVIC.PriorityGroup=NVIC_PRIORITYGROUP_4
NVIC.SVCall_IRQn=true\:0\:0\:false\:false\:true\:false\:false\:false
NVIC.SysTick_IRQn=true\:0\:0\:true\:false\:true\:false\:true\:false
NVIC.TIM1_TRG_COM_TIM17_IRQn=true\:0\:0\:false\:false\:true\:true\:true\:true
NVIC.UsageFault_IRQn=true\:0\:0\:false\:false\:true\:false\:false\:false
OSC_IN.Locked=true
OSC_IN.Mode=HSE-External-Oscillator
OSC_IN.Signal=RCC_OSC_IN
OSC_OUT.Locked=true
OSC_OUT.Mode=HSE-External-Oscillator
OSC_OUT.Signal=RCC_OSC_OUT
PA1.Mode=Full_Duplex_Master
PA1.Signal=SPI1_SCK
PA11.Locked=true
PA11.Mode=Device
PA11.Signal=USB_DM
PA12.Locked=true
PA12.Mode=Device
PA12.Signal=USB_DP
PA13.Locked=true
PA13.Mode=Serial_Wire
PA13.Signal=SYS_JTMS-SWDIO
PA14.Locked=true
PA14.Mode=Serial_Wire
PA14.Signal=SYS_JTCK-SWCLK
PA2.GPIOParameters=GPIO_Speed
PA2.GPIO_Speed=GPIO_SPEED_FREQ_VERY_HIGH
PA2.Locked=true
PA2.Mode=Single Bank 1
PA2.Signal=QUADSPI_BK1_NCS
PA3.GPIOParameters=GPIO_Speed
PA3.GPIO_Speed=GPIO_SPEED_FREQ_VERY_HIGH
PA3.Locked=true
PA3.Mode=Single Bank 1
PA3.Signal=QUADSPI_CLK
PA4.GPIOParameters=PinState,GPIO_Label
PA4.GPIO_Label=LED_BLE
PA4.Locked=true
PA4.PinState=GPIO_PIN_SET
PA4.Signal=GPIO_Output
PA6.GPIOParameters=GPIO_Speed
PA6.GPIO_Speed=GPIO_SPEED_FREQ_VERY_HIGH
PA6.Locked=true
PA6.Mode=Single Bank 1
PA6.Signal=QUADSPI_BK1_IO3
PA7.GPIOParameters=GPIO_Speed
PA7.GPIO_Speed=GPIO_SPEED_FREQ_VERY_HIGH
PA7.Locked=true
PA7.Mode=Single Bank 1
PA7.Signal=QUADSPI_BK1_IO2
PA8.Mode=SAI_A_Master
PA8.Signal=SAI1_SCK_A
PA9.Mode=SAI_A_Master
PA9.Signal=SAI1_FS_A
PB10.Locked=true
PB10.Mode=I2C
PB10.Signal=I2C3_SCL
PB11.Locked=true
PB11.Mode=I2C
PB11.Signal=I2C3_SDA
PB13.Mode=Full_Duplex_Master
PB13.Signal=SPI2_SCK
PB15.Mode=SAI_A_Master
PB15.Signal=SAI1_SD_A
PB3.GPIOParameters=GPIO_Label
PB3.GPIO_Label=BTN2
PB3.Locked=true
PB3.Signal=GPIO_Input
PB4.Mode=Full_Duplex_Master
PB4.Signal=SPI1_MISO
PB5.Mode=Full_Duplex_Master
PB5.Signal=SPI1_MOSI
PB6.Locked=true
PB6.Mode=Asynchronous
PB6.Signal=USART1_TX
PB7.Locked=true
PB7.Mode=Asynchronous
PB7.Signal=USART1_RX
PB8.GPIOParameters=GPIO_Speed
PB8.GPIO_Speed=GPIO_SPEED_FREQ_VERY_HIGH
PB8.Locked=true
PB8.Mode=Single Bank 1
PB8.Signal=QUADSPI_BK1_IO1
PB9.GPIOParameters=GPIO_Speed
PB9.GPIO_Speed=GPIO_SPEED_FREQ_VERY_HIGH
PB9.Locked=true
PB9.Mode=Single Bank 1
PB9.Signal=QUADSPI_BK1_IO0
PC0.Mode=Asynchronous
PC0.Signal=LPUART1_RX
PC1.Mode=Asynchronous
PC1.Signal=LPUART1_TX
PC13.GPIOParameters=PinState,GPIO_Label
PC13.GPIO_Label=LED2
PC13.Locked=true
PC13.PinState=GPIO_PIN_SET
PC13.Signal=GPIO_Output
PC14-OSC32_IN.Locked=true
PC14-OSC32_IN.Mode=LSE-External-Oscillator
PC14-OSC32_IN.Signal=RCC_OSC32_IN
PC15-OSC32_OUT.Locked=true
PC15-OSC32_OUT.Mode=LSE-External-Oscillator
PC15-OSC32_OUT.Signal=RCC_OSC32_OUT
PC2.Mode=Full_Duplex_Master
PC2.Signal=SPI2_MISO
PC3.Mode=Full_Duplex_Master
PC3.Signal=SPI2_MOSI
PC6.GPIOParameters=PinState,GPIO_Label
PC6.GPIO_Label=LED
PC6.Locked=true
PC6.PinState=GPIO_PIN_SET
PC6.Signal=GPIO_Output
PCC.Ble.ConnectionInterval=1000.0
PCC.Ble.DataLength=6
PCC.Ble.IsUsed=false
PCC.Ble.Mode=NOT_SELECTED
PCC.Ble.PowerLevel=Min
PCC.Zigbee.IsUsed=false
PCC.Zigbee.Mode=Sleepy End Device
PCC.Zigbee.Payload=15
PCC.Zigbee.PoolPeriodicity=480.0
PCC.Zigbee.PowerLevel=Min
PCC.Zigbee.RequestPeriodicity=1500.0
PD1.GPIOParameters=GPIO_Label
PD1.GPIO_Label=BTN1
PD1.Locked=true
PD1.Signal=GPIO_Input
PinOutPanel.RotationAngle=0
ProjectManager.AskForMigrate=true
ProjectManager.BackupPrevious=false
ProjectManager.CompilerOptimize=6
ProjectManager.ComputerToolchain=false
ProjectManager.CoupleFile=true
ProjectManager.CustomerFirmwarePackage=
ProjectManager.DefaultFWLocation=true
ProjectManager.DeletePrevious=true
ProjectManager.DeviceId=STM32WB55RGVx
ProjectManager.FirmwarePackage=STM32Cube FW_WB V1.18.0
ProjectManager.FreePins=false
ProjectManager.HalAssertFull=false
ProjectManager.HeapSize=0x200
ProjectManager.KeepUserCode=true
ProjectManager.LastFirmware=true
ProjectManager.LibraryCopy=1
ProjectManager.MainLocation=Core/Src
ProjectManager.NoMain=false
ProjectManager.PreviousToolchain=
ProjectManager.ProjectBuild=false
ProjectManager.ProjectFileName=stm32wb-ble-cube.ioc
ProjectManager.ProjectName=stm32wb-ble-cube
ProjectManager.ProjectStructure=
ProjectManager.RegisterCallBack=TIM
ProjectManager.StackSize=0x400
ProjectManager.TargetToolchain=Makefile
ProjectManager.ToolChainLocation=stm32wb-ble-cube\\
ProjectManager.UAScriptAfterPath=
ProjectManager.UAScriptBeforePath=
ProjectManager.UnderRoot=false
ProjectManager.functionlistsort=1-SystemClock_Config-RCC-false-HAL-false,2-MX_GPIO_Init-GPIO-false-HAL-true,3-MX_DMA_Init-DMA-false-HAL-true,4-MX_USART1_UART_Init-USART1-false-HAL-true,5-MX_USB_PCD_Init-USB-false-HAL-true,6-MX_I2C3_Init-I2C3-false-HAL-true,7-MX_LPUART1_UART_Init-LPUART1-false-HAL-true,8-MX_QUADSPI_Init-QUADSPI-false-HAL-true,9-MX_SAI1_Init-SAI1-false-HAL-true,10-MX_SPI1_Init-SPI1-false-HAL-true,11-MX_RTC_Init-RTC-false-HAL-true,12-MX_SPI2_Init-SPI2-false-HAL-true,13-MX_TIM17_Init-TIM17-false-HAL-true,0-MX_RF_Init-RF-false-HAL-true
QUADSPI.ClockPrescaler=0
QUADSPI.FifoThreshold=4
QUADSPI.FlashSize=24
QUADSPI.IPParameters=ClockPrescaler,FifoThreshold,FlashSize,SampleShifting
QUADSPI.SampleShifting=QSPI_SAMPLE_SHIFTING_HALFCYCLE
RCC.ADCFreq_Value=48000000
RCC.AHB2CLKDivider=RCC_SYSCLK_DIV2
RCC.AHBFreq_Value=64000000
RCC.APB1Freq_Value=64000000
RCC.APB1TimFreq_Value=64000000
RCC.APB2Freq_Value=64000000
RCC.APB2TimFreq_Value=64000000
RCC.APB3Freq_Value=16000000
RCC.Cortex2Freq_Value=4000000
RCC.Cortex2_Div=SYSTICK_CLKSOURCE_HCLK_DIV8
RCC.CortexFreq_Value=64000000
RCC.FCLK2Freq_Value=32000000
RCC.FCLKCortexFreq_Value=64000000
RCC.FamilyName=M
RCC.HCLK2Freq_Value=32000000
RCC.HCLK3Freq_Value=64000000
RCC.HCLKFreq_Value=64000000
RCC.HCLKRFFreq_Value=16000000
RCC.HSE_VALUE=32000000
RCC.HSI48_VALUE=48000000
RCC.HSI_VALUE=16000000
RCC.I2C1Freq_Value=64000000
RCC.I2C3Freq_Value=64000000
RCC.IPParameters=ADCFreq_Value,AHB2CLKDivider,AHBFreq_Value,APB1Freq_Value,APB1TimFreq_Value,APB2Freq_Value,APB2TimFreq_Value,APB3Freq_Value,Cortex2Freq_Value,Cortex2_Div,CortexFreq_Value,FCLK2Freq_Value,FCLKCortexFreq_Value,FamilyName,HCLK2Freq_Value,HCLK3Freq_Value,HCLKFreq_Value,HCLKRFFreq_Value,HSE_VALUE,HSI48_VALUE,HSI_VALUE,I2C1Freq_Value,I2C3Freq_Value,LCDFreq_Value,LPTIM1Freq_Value,LPTIM2Freq_Value,LPUART1Freq_Value,LSCOPinFreq_Value,LSI_VALUE,MCO1PinFreq_Value,PLLM,PLLPoutputFreq_Value,PLLQoutputFreq_Value,PLLRCLKFreq_Value,PLLSAI1N,PLLSAI1PoutputFreq_Value,PLLSAI1QoutputFreq_Value,PLLSAI1RoutputFreq_Value,PLLSourceVirtual,PWRFreq_Value,RFWKPClockSelection,RFWKPFreq_Value,RNGFreq_Value,RTCClockSelection,RTCFreq_Value,SAI1Freq_Value,SMPS1Freq_Value,SMPSFreq_Value,SYSCLKFreq_VALUE,SYSCLKSource,USART1Freq_Value,USBFreq_Value,VCOInputFreq_Value,VCOOutputFreq_Value,VCOSAI1OutputFreq_Value
RCC.LCDFreq_Value=32768
RCC.LPTIM1Freq_Value=64000000
RCC.LPTIM2Freq_Value=64000000
RCC.LPUART1Freq_Value=64000000
RCC.LSCOPinFreq_Value=32000
RCC.LSI_VALUE=32000
RCC.MCO1PinFreq_Value=64000000
RCC.PLLM=RCC_PLLM_DIV2
RCC.PLLPoutputFreq_Value=64000000
RCC.PLLQoutputFreq_Value=64000000
RCC.PLLRCLKFreq_Value=64000000
RCC.PLLSAI1N=6
RCC.PLLSAI1PoutputFreq_Value=48000000
RCC.PLLSAI1QoutputFreq_Value=48000000
RCC.PLLSAI1RoutputFreq_Value=48000000
RCC.PLLSourceVirtual=RCC_PLLSOURCE_HSE
RCC.PWRFreq_Value=64000000
RCC.RFWKPClockSelection=RCC_RFWKPCLKSOURCE_LSE
RCC.RFWKPFreq_Value=32768
RCC.RNGFreq_Value=32000
RCC.RTCClockSelection=RCC_RTCCLKSOURCE_LSE
RCC.RTCFreq_Value=32768
RCC.SAI1Freq_Value=48000000
RCC.SMPS1Freq_Value=8000000
RCC.SMPSFreq_Value=4000000
RCC.SYSCLKFreq_VALUE=64000000
RCC.SYSCLKSource=RCC_SYSCLKSOURCE_PLLCLK
RCC.USART1Freq_Value=64000000
RCC.USBFreq_Value=48000000
RCC.VCOInputFreq_Value=16000000
RCC.VCOOutputFreq_Value=128000000
RCC.VCOSAI1OutputFreq_Value=96000000
RF1.Mode=RF1_Activate
RF1.Signal=RF_RF1
SAI1.ErrorAudioFreq-SAI_A_Master=-2.34 %
SAI1.IPParameters=Instance-SAI_A_Master,VirtualMode-SAI_A_Master,MClockEnable-SAI_A_Master,RealAudioFreq-SAI_A_Master,ErrorAudioFreq-SAI_A_Master,InitProtocol-SAI_A_Master,VirtualProtocol-SAI_A_BASIC
SAI1.InitProtocol-SAI_A_Master=Enable
SAI1.Instance-SAI_A_Master=SAI$Index_Block_A
SAI1.MClockEnable-SAI_A_Master=SAI_MASTERCLOCK_DISABLE
SAI1.RealAudioFreq-SAI_A_Master=187.5 KHz
SAI1.VirtualMode-SAI_A_Master=VM_MASTER
SAI1.VirtualProtocol-SAI_A_BASIC=VM_BASIC_PROTOCOL
SPI1.CalculateBaudRate=32.0 MBits/s
SPI1.Direction=SPI_DIRECTION_2LINES
SPI1.IPParameters=VirtualType,Mode,Direction,CalculateBaudRate
SPI1.Mode=SPI_MODE_MASTER
SPI1.VirtualType=VM_MASTER
SPI2.CalculateBaudRate=32.0 MBits/s
SPI2.Direction=SPI_DIRECTION_2LINES
SPI2.IPParameters=VirtualType,Mode,Direction,CalculateBaudRate
SPI2.Mode=SPI_MODE_MASTER
SPI2.VirtualType=VM_MASTER
TIM17.IPParameters=Prescaler,Period
TIM17.Period=999
TIM17.Prescaler=63
USART1.IPParameters=VirtualMode-Asynchronous
USART1.VirtualMode-Asynchronous=VM_ASYNC
VP_MEMORYMAP_VS_MEMORYMAP.Mode=CurAppReg
VP_MEMORYMAP_VS_MEMORYMAP.Signal=MEMORYMAP_VS_MEMORYMAP
VP_RTC_VS_RTC_Activate.Mode=RTC_Enabled
VP_RTC_VS_RTC_Activate.Signal=RTC_VS_RTC_Activate
VP_RTC_VS_RTC_Calendar.Mode=RTC_Calendar
VP_RTC_VS_RTC_Calendar.Signal=RTC_VS_RTC_Calendar
VP_SAI1_VP_$IpInstance_SAIA_SAI_BASIC.Mode=SAI_A_BASIC
VP_SAI1_VP_$IpInstance_SAIA_SAI_BASIC.Signal=SAI1_VP_$IpInstance_SAIA_SAI_BASIC
VP_SYS_VS_Systick.Mode=SysTick
VP_SYS_VS_Systick.Signal=SYS_VS_Systick
VP_TIM17_VS_ClockSourceINT.Mode=Enable_Timer
VP_TIM17_VS_ClockSourceINT.Signal=TIM17_VS_ClockSourceINT
board=custom
